<?xml version="1.0" encoding="utf-8"?>
<Project ToolsVersion="4.0" xmlns="http://schemas.microsoft.com/developer/msbuild/2003">
  <ItemGroup>
    <Filter Include="Source Files">
      <UniqueIdentifier>{4FC737F1-C7A5-4376-A066-2A32D752A2FF}</UniqueIdentifier>
      <Extensions>cpp;c;cc;cxx;def;odl;idl;hpj;bat;asm;asmx</Extensions>
    </Filter>
    <Filter Include="Resource Files">
      <UniqueIdentifier>{67DA6AB6-F800-4c08-8B7A-83BB121AAD01}</UniqueIdentifier>
      <Extensions>rc;ico;cur;bmp;dlg;rc2;rct;bin;rgs;gif;jpg;jpeg;jpe;resx;tiff;tif;png;wav;mfcribbon-ms</Extensions>
    </Filter>
    <Filter Include="Header Files">
      <UniqueIdentifier>{b9b37cad-e749-41a7-bdc6-b37ab3900b64}</UniqueIdentifier>
    </Filter>
  </ItemGroup>
  <ItemGroup>
    <ClCompile Include="src\Card.cpp">
      <Filter>Source Files</Filter>
    </ClCompile>
    <ClCompile Include="src\Client.cpp">
      <Filter>Source Files</Filter>
    </ClCompile>
    <ClCompile Include="src\Deck.cpp">
      <Filter>Source Files</Filter>
    </ClCompile>
    <ClCompile Include="src\Enemy.cpp">
      <Filter>Source Files</Filter>
    </ClCompile>
    <ClCompile Include="src\gameMenu.cpp">
      <Filter>Source Files</Filter>
    </ClCompile>
    <ClCompile Include="src\Host.cpp">
      <Filter>Source Files</Filter>
    </ClCompile>
    <ClCompile Include="src\hostSession.cpp">
      <Filter>Source Files</Filter>
    </ClCompile>
    <ClCompile Include="src\Logic.cpp">
      <Filter>Source Files</Filter>
    </ClCompile>
    <ClCompile Include="src\main.cpp">
      <Filter>Source Files</Filter>
    </ClCompile>
    <ClCompile Include="src\multiplayerSetup.cpp">
      <Filter>Source Files</Filter>
    </ClCompile>
    <ClCompile Include="src\OnlineEnemy.cpp">
      <Filter>Source Files</Filter>
    </ClCompile>
    <ClCompile Include="src\OnlinePlayer.cpp">
      <Filter>Source Files</Filter>
    </ClCompile>
    <ClCompile Include="src\OnlineUser.cpp">
      <Filter>Source Files</Filter>
    </ClCompile>
    <ClCompile Include="src\Player.cpp">
      <Filter>Source Files</Filter>
    </ClCompile>
    <ClCompile Include="src\singleplayer.cpp">
      <Filter>Source Files</Filter>
    </ClCompile>
    <ClCompile Include="src\textureArray.cpp">
      <Filter>Source Files</Filter>
    </ClCompile>
    <ClCompile Include="src\TextureHandler.cpp">
      <Filter>Source Files</Filter>
    </ClCompile>
    <ClCompile Include="src\windowSettings.cpp">
      <Filter>Source Files</Filter>
    </ClCompile>
  </ItemGroup>
  <ItemGroup>
    <ClInclude Include="src\headers\Card.h">
      <Filter>Header Files</Filter>
    </ClInclude>
    <ClInclude Include="src\headers\Client.h">
      <Filter>Header Files</Filter>
    </ClInclude>
    <ClInclude Include="src\headers\Deck.h">
      <Filter>Header Files</Filter>
    </ClInclude>
    <ClInclude Include="src\headers\Enemy.h">
      <Filter>Header Files</Filter>
    </ClInclude>
    <ClInclude Include="src\headers\Host.h">
      <Filter>Header Files</Filter>
    </ClInclude>
    <ClInclude Include="src\headers\Logic.h">
      <Filter>Header Files</Filter>
    </ClInclude>
    <ClInclude Include="src\headers\OnlineEnemy.h">
      <Filter>Header Files</Filter>
    </ClInclude>
    <ClInclude Include="src\headers\OnlinePlayer.h">
      <Filter>Header Files</Filter>
    </ClInclude>
    <ClInclude Include="src\headers\OnlineUser.h">
      <Filter>Header Files</Filter>
    </ClInclude>
    <ClInclude Include="src\headers\Player.h">
      <Filter>Header Files</Filter>
    </ClInclude>
    <ClInclude Include="src\headers\ReturnCodes.h">
      <Filter>Header Files</Filter>
    </ClInclude>
    <ClInclude Include="src\headers\textureArray.h">
      <Filter>Header Files</Filter>
    </ClInclude>
    <ClInclude Include="src\headers\TextureHandler.h">
      <Filter>Header Files</Filter>
    </ClInclude>
    <ClInclude Include="src\headers\windowSettings.h">
      <Filter>Header Files</Filter>
    </ClInclude>
  </ItemGroup>
</Project>